schema: '2.0'
stages:
  download:
    cmd: python -m src.data.dataset
    deps:
    - path: params.yaml
      hash: md5
      md5: 449572e0c8876bcf6f468eddafebdfb8
      size: 1983
    - path: src/data/dataset.py
      hash: md5
      md5: fafc99524749208cc3725ded91461e90
      size: 787
    outs:
    - path: data/raw/energy_modified.csv
      hash: md5
      md5: 353c3b5b5f27257faeb0851089d7f594
      size: 43747
  cleaning:
    cmd: python -m src.data.cleaning
    deps:
    - path: data/raw/energy_modified.csv
      hash: md5
      md5: 353c3b5b5f27257faeb0851089d7f594
      size: 43747
    - path: params.yaml
      hash: md5
      md5: 449572e0c8876bcf6f468eddafebdfb8
      size: 1983
    - path: src/data/cleaning.py
      hash: md5
      md5: 7aaae3e78b7f388cbe33c29f2eff4824
      size: 1019
    outs:
    - path: data/interim/energy_modified_clean.csv
      hash: md5
      md5: 93367e26b06b314ef29a9d709844b2d4
      size: 47827
  features:
    cmd: python -m src.data.features
    deps:
    - path: data/interim/energy_modified_clean.csv
      hash: md5
      md5: 93367e26b06b314ef29a9d709844b2d4
      size: 47827
    - path: params.yaml
      hash: md5
      md5: 449572e0c8876bcf6f468eddafebdfb8
      size: 1983
    - path: src/data/features.py
      hash: md5
      md5: 318d1d041056235d549ce5c478c65a22
      size: 2185
    outs:
    - path: data/processed/
      hash: md5
      md5: 1d9e531fe28851b2a36aa33afdf99e9e.dir
      size: 327420
      nfiles: 4
  train:
    cmd: python -m src.modeling.train
    deps:
    - path: data/processed/
      hash: md5
      md5: 1d9e531fe28851b2a36aa33afdf99e9e.dir
      size: 327420
      nfiles: 4
    - path: params.yaml
      hash: md5
      md5: 449572e0c8876bcf6f468eddafebdfb8
      size: 1983
    - path: src/modeling/train.py
      hash: md5
      md5: ab5ffcdc753aef74c1e9f6118692d45a
      size: 1911
    outs:
    - path: models/rf_regressor.pkl
      hash: md5
      md5: 42e3c615b4f67f329c052c194add392b
      size: 2267199
    - path: models/xgb_multioutput.pkl
      hash: md5
      md5: 2e7f120a797fe0b6a6b749c07397e89a
      size: 566399
  predict:
    cmd: python -m src.modeling.predict
    deps:
    - path: data/processed/
      hash: md5
      md5: 1d9e531fe28851b2a36aa33afdf99e9e.dir
      size: 327420
      nfiles: 4
    - path: models/rf_regressor.pkl
      hash: md5
      md5: 42e3c615b4f67f329c052c194add392b
      size: 2267199
    - path: models/xgb_multioutput.pkl
      hash: md5
      md5: 2e7f120a797fe0b6a6b749c07397e89a
      size: 566399
    - path: params.yaml
      hash: md5
      md5: 449572e0c8876bcf6f468eddafebdfb8
      size: 1983
    - path: src/modeling/predict.py
      hash: md5
      md5: ceacb6dd7eb789d6da8c9298a69009f3
      size: 1592
    outs:
    - path: data/prediction/predictions.csv
      hash: md5
      md5: 413bc38e66b3476d2b80bbbc88f37518
      size: 6138
