schema: '2.0'
stages:
  download:
    cmd: python -m src.data.dataset
    deps:
    - path: params.yaml
      hash: md5
      md5: b07b00f658a8f82467f3a351f2f2a7ea
      size: 1355
    - path: src/data/dataset.py
      hash: md5
      md5: 2e62008ec476042d5cd1ef6f82dbfef9
      size: 368
    outs:
    - path: data/raw/energy_modified.csv
      hash: md5
      md5: 353c3b5b5f27257faeb0851089d7f594
      size: 43747
  cleaning:
    cmd: python -m src.data.cleaning
    deps:
    - path: data/raw/energy_modified.csv
      hash: md5
      md5: 353c3b5b5f27257faeb0851089d7f594
      size: 43747
    - path: params.yaml
      hash: md5
      md5: b07b00f658a8f82467f3a351f2f2a7ea
      size: 1355
    - path: src/data/cleaning.py
      hash: md5
      md5: fb57f3b5e9a48049de4b7f0c9d9ba22a
      size: 517
    outs:
    - path: data/interim/energy_modified_clean.csv
      hash: md5
      md5: 93367e26b06b314ef29a9d709844b2d4
      size: 47827
  features:
    cmd: python -m src.data.features
    deps:
    - path: data/interim/energy_modified_clean.csv
      hash: md5
      md5: 93367e26b06b314ef29a9d709844b2d4
      size: 47827
    - path: params.yaml
      hash: md5
      md5: b07b00f658a8f82467f3a351f2f2a7ea
      size: 1355
    - path: src/data/features.py
      hash: md5
      md5: 466ca706de82e0699fb943e700652716
      size: 1254
    outs:
    - path: data/processed/
      hash: md5
      md5: 1d9e531fe28851b2a36aa33afdf99e9e.dir
      size: 327420
      nfiles: 4
  train:
    cmd: python -m src.modeling.train
    deps:
    - path: data/processed/
      hash: md5
      md5: 1d9e531fe28851b2a36aa33afdf99e9e.dir
      size: 327420
      nfiles: 4
    - path: params.yaml
      hash: md5
      md5: b07b00f658a8f82467f3a351f2f2a7ea
      size: 1355
    - path: src/modeling/train.py
      hash: md5
      md5: c760bb10c276afbb7b7c88b253892f96
      size: 883
    outs:
    - path: models/model_xgb.pkl
      hash: md5
      md5: d4493aa78c1deab4915d0f75a7681852
      size: 1898767
